
Microsoft Visual Studio Solution File, Format Version 12.00
# Visual Studio Version 16
VisualStudioVersion = 16.0.30503.244
MinimumVisualStudioVersion = 10.0.40219.1
Project("{FAE04EC0-301F-11D3-BF4B-00C04F79EFBC}") = "18127051_BT4", "18127051_BT4\18127051_BT4.csproj", "{B7A7FD42-5A59-447D-A741-0094331A2FB0}"
EndProject
Global
	GlobalSection(SolutionConfigurationPlatforms) = preSolution
		Debug|Any CPU = Debug|Any CPU
		Release|Any CPU = Release|Any CPU
	EndGlobalSection
	GlobalSection(ProjectConfigurationPlatforms) = postSolution
		{B7A7FD42-5A59-447D-A741-0094331A2FB0}.Debug|Any CPU.ActiveCfg = Debug|Any CPU
		{B7A7FD42-5A59-447D-A741-0094331A2FB0}.Debug|Any CPU.Build.0 = Debug|Any CPU
		{B7A7FD42-5A59-447D-A741-0094331A2FB0}.Release|Any CPU.ActiveCfg = Release|Any CPU
		{B7A7FD42-5A59-447D-A741-0094331A2FB0}.Release|Any CPU.Build.0 = Release|Any CPU
	EndGlobalSection
	GlobalSection(SolutionProperties) = preSolution
		HideSolutionNode = FALSE
	EndGlobalSection
	GlobalSection(ExtensibilityGlobals) = postSolution
		SolutionGuid = {CF454859-F4A9-473D-89F1-F2DC059D13AB}
	EndGlobalSection
EndGlobal
